{
	"name": "@browser-command/core",
	"version": "0.1.0",
	"lockfileVersion": 1,
	"requires": true,
	"dependencies": {
		"@dimforge/rapier3d": {
			"version": "0.7.6",
			"resolved": "https://registry.npmjs.org/@dimforge/rapier3d/-/rapier3d-0.7.6.tgz",
			"integrity": "sha512-mjQWpXgqlIe0MjXzvv2c/G7vsWvs2YsbNZWDghxraM07KAP2unu+Xg4TWdcsXxN3AoZDoLhKvJ0IecPzyU5Ukg=="
		},
		"bitecs": {
			"version": "0.3.30",
			"resolved": "https://registry.npmjs.org/bitecs/-/bitecs-0.3.30.tgz",
			"integrity": "sha512-W9D9iqTwoGor0n76hwhmzC2eg6Fz+wEHO+e9w7vOhch5uPFPKCfSNdp2zyU0hIYx+jjWJJ3vuupWVtcR+eogYg=="
		}
	}
}
